
Microsoft Visual Studio Solution File, Format Version 12.00
# Visual Studio Version 17
VisualStudioVersion = 17.0.31903.59
MinimumVisualStudioVersion = 10.0.40219.1
Project("{2150E333-8FDC-42A3-9474-1A3956D46DE8}") = "src", "src", "{827E0CD3-B72D-47B6-A68D-7590B98EB39B}"
EndProject
Project("{FAE04EC0-301F-11D3-BF4B-00C04F79EFBC}") = "Inspection.Core", "src\Inspection.Core\Inspection.Core.csproj", "{F46E3A5F-A025-415A-9E04-71BC4C4D4009}"
EndProject
Project("{FAE04EC0-301F-11D3-BF4B-00C04F79EFBC}") = "Inspection.Infrastructure", "src\Inspection.Infrastructure\Inspection.Infrastructure.csproj", "{931E80FE-C821-4D5D-BC55-97D66784B427}"
EndProject
Project("{FAE04EC0-301F-11D3-BF4B-00C04F79EFBC}") = "Inspection.Host", "src\Inspection.Host\Inspection.Host.csproj", "{E4060396-3EA8-46F0-871A-25BFC0A8F748}"
EndProject
Project("{2150E333-8FDC-42A3-9474-1A3956D46DE8}") = "tests", "tests", "{0AB3BF05-4346-4AA6-1389-037BE0695223}"
EndProject
Project("{FAE04EC0-301F-11D3-BF4B-00C04F79EFBC}") = "Inspection.Tests", "tests\Inspection.Tests\Inspection.Tests.csproj", "{7327C5F2-425E-4566-AE1F-EF18CFE3B4F9}"
EndProject
Project("{FAE04EC0-301F-11D3-BF4B-00C04F79EFBC}") = "Inspection.Interop", "src\Inspection.Interop\Inspection.Interop.csproj", "{84F892BF-E40D-48B5-87F1-8F808E8EEDF0}"
	ProjectSection(ProjectDependencies) = postProject
		{0E22A606-C49B-446C-93E0-F72ECFBA5577} = {0E22A606-C49B-446C-93E0-F72ECFBA5577}
	EndProjectSection
EndProject
Project("{FAE04EC0-301F-11D3-BF4B-00C04F79EFBC}") = "Inspection.IntegrationTests", "tests\Inspection.IntegrationTests\Inspection.IntegrationTests.csproj", "{DAFBD165-C15B-4881-859B-B7ACE0D50911}"
EndProject
Project("{8BC9CEB8-8B4A-11D0-8D11-00A0C91BC942}") = "NativeInspection", "native\NativeInspection\NativeInspection.vcxproj", "{0E22A606-C49B-446C-93E0-F72ECFBA5577}"
EndProject
Project("{FAE04EC0-301F-11D3-BF4B-00C04F79EFBC}") = "Inspection.Contracts", "src\Inspection.Contracts\Inspection.Contracts.csproj", "{B53CB312-E04B-4C80-921E-F0E53625EF04}"
EndProject
Project("{FAE04EC0-301F-11D3-BF4B-00C04F79EFBC}") = "Inspection.Client", "src\Inspection.Client\Inspection.Client.csproj", "{03154723-85D1-47E4-887E-B2A46A46EB98}"
EndProject
Global
	GlobalSection(SolutionConfigurationPlatforms) = preSolution
		Debug|x64 = Debug|x64
		Release|x64 = Release|x64
	EndGlobalSection
	GlobalSection(ProjectConfigurationPlatforms) = postSolution
		{B53CB312-E04B-4C80-921E-F0E53625EF04}.Debug|x64.ActiveCfg = Debug|Any CPU
		{B53CB312-E04B-4C80-921E-F0E53625EF04}.Debug|x64.Build.0 = Debug|Any CPU
		{B53CB312-E04B-4C80-921E-F0E53625EF04}.Release|x64.ActiveCfg = Release|Any CPU
		{B53CB312-E04B-4C80-921E-F0E53625EF04}.Release|x64.Build.0 = Release|Any CPU
		{03154723-85D1-47E4-887E-B2A46A46EB98}.Debug|x64.ActiveCfg = Debug|Any CPU
		{03154723-85D1-47E4-887E-B2A46A46EB98}.Debug|x64.Build.0 = Debug|Any CPU
		{03154723-85D1-47E4-887E-B2A46A46EB98}.Release|x64.ActiveCfg = Release|Any CPU
		{03154723-85D1-47E4-887E-B2A46A46EB98}.Release|x64.Build.0 = Release|Any CPU
		{0E22A606-C49B-446C-93E0-F72ECFBA5577}.Debug|x64.ActiveCfg = Debug|x64
		{0E22A606-C49B-446C-93E0-F72ECFBA5577}.Debug|x64.Build.0 = Debug|x64
		{0E22A606-C49B-446C-93E0-F72ECFBA5577}.Release|x64.ActiveCfg = Release|x64
		{0E22A606-C49B-446C-93E0-F72ECFBA5577}.Release|x64.Build.0 = Release|x64
		{F46E3A5F-A025-415A-9E04-71BC4C4D4009}.Debug|x64.ActiveCfg = Debug|Any CPU
		{F46E3A5F-A025-415A-9E04-71BC4C4D4009}.Debug|x64.Build.0 = Debug|Any CPU
		{F46E3A5F-A025-415A-9E04-71BC4C4D4009}.Release|x64.ActiveCfg = Release|Any CPU
		{F46E3A5F-A025-415A-9E04-71BC4C4D4009}.Release|x64.Build.0 = Release|Any CPU
		{931E80FE-C821-4D5D-BC55-97D66784B427}.Debug|x64.ActiveCfg = Debug|Any CPU
		{931E80FE-C821-4D5D-BC55-97D66784B427}.Debug|x64.Build.0 = Debug|Any CPU
		{931E80FE-C821-4D5D-BC55-97D66784B427}.Release|x64.ActiveCfg = Release|Any CPU
		{931E80FE-C821-4D5D-BC55-97D66784B427}.Release|x64.Build.0 = Release|Any CPU
		{E4060396-3EA8-46F0-871A-25BFC0A8F748}.Debug|x64.ActiveCfg = Debug|Any CPU
		{E4060396-3EA8-46F0-871A-25BFC0A8F748}.Debug|x64.Build.0 = Debug|Any CPU
		{E4060396-3EA8-46F0-871A-25BFC0A8F748}.Release|x64.ActiveCfg = Release|Any CPU
		{E4060396-3EA8-46F0-871A-25BFC0A8F748}.Release|x64.Build.0 = Release|Any CPU
		{7327C5F2-425E-4566-AE1F-EF18CFE3B4F9}.Debug|x64.ActiveCfg = Debug|Any CPU
		{7327C5F2-425E-4566-AE1F-EF18CFE3B4F9}.Debug|x64.Build.0 = Debug|Any CPU
		{7327C5F2-425E-4566-AE1F-EF18CFE3B4F9}.Release|x64.ActiveCfg = Release|Any CPU
		{7327C5F2-425E-4566-AE1F-EF18CFE3B4F9}.Release|x64.Build.0 = Release|Any CPU
		{84F892BF-E40D-48B5-87F1-8F808E8EEDF0}.Debug|x64.ActiveCfg = Debug|Any CPU
		{84F892BF-E40D-48B5-87F1-8F808E8EEDF0}.Debug|x64.Build.0 = Debug|Any CPU
		{84F892BF-E40D-48B5-87F1-8F808E8EEDF0}.Release|x64.ActiveCfg = Release|Any CPU
		{84F892BF-E40D-48B5-87F1-8F808E8EEDF0}.Release|x64.Build.0 = Release|Any CPU
		{DAFBD165-C15B-4881-859B-B7ACE0D50911}.Debug|x64.ActiveCfg = Debug|Any CPU
		{DAFBD165-C15B-4881-859B-B7ACE0D50911}.Debug|x64.Build.0 = Debug|Any CPU
		{DAFBD165-C15B-4881-859B-B7ACE0D50911}.Release|x64.ActiveCfg = Release|Any CPU
		{DAFBD165-C15B-4881-859B-B7ACE0D50911}.Release|x64.Build.0 = Release|Any CPU
	EndGlobalSection
	GlobalSection(SolutionProperties) = preSolution
		HideSolutionNode = FALSE
	EndGlobalSection
	GlobalSection(NestedProjects) = preSolution
		{B53CB312-E04B-4C80-921E-F0E53625EF04} = {827E0CD3-B72D-47B6-A68D-7590B98EB39B}
		{03154723-85D1-47E4-887E-B2A46A46EB98} = {827E0CD3-B72D-47B6-A68D-7590B98EB39B}
		{F46E3A5F-A025-415A-9E04-71BC4C4D4009} = {827E0CD3-B72D-47B6-A68D-7590B98EB39B}
		{931E80FE-C821-4D5D-BC55-97D66784B427} = {827E0CD3-B72D-47B6-A68D-7590B98EB39B}
		{E4060396-3EA8-46F0-871A-25BFC0A8F748} = {827E0CD3-B72D-47B6-A68D-7590B98EB39B}
		{7327C5F2-425E-4566-AE1F-EF18CFE3B4F9} = {0AB3BF05-4346-4AA6-1389-037BE0695223}
		{84F892BF-E40D-48B5-87F1-8F808E8EEDF0} = {827E0CD3-B72D-47B6-A68D-7590B98EB39B}
		{DAFBD165-C15B-4881-859B-B7ACE0D50911} = {0AB3BF05-4346-4AA6-1389-037BE0695223}
	EndGlobalSection
EndGlobal
