{
  "version": 1,
  "dependencies": {
    "net9.0": {
      "inspection.core": {
        "type": "Project"
      },
      "inspection.infrastructure": {
        "type": "Project",
        "dependencies": {
          "Inspection.Core": "[1.0.0, )"
        }
      },
      "inspection.interop": {
        "type": "Project",
        "dependencies": {
          "Inspection.Core": "[1.0.0, )"
        }
      }
    }
  }
}